{
  "name": "agentic-finance-graph",
  "version": "0.2.0",
  "lockfileVersion": 3,
  "requires": true,
  "packages": {
    "": {
      "name": "agentic-finance-graph",
      "version": "0.2.0",
      "license": "Apache-2.0",
      "bin": {
        "afg": "bin/afg.mjs"
      },
      "engines": {
        "node": ">=18"
      }
    }
  }
}
